{
    "name": "node-red-project",
    "version": "0.0.1",
    "lockfileVersion": 1,
    "requires": true,
    "dependencies": {
        "built-in-math-eval": {
            "version": "0.3.0",
            "resolved": "https://registry.npmjs.org/built-in-math-eval/-/built-in-math-eval-0.3.0.tgz",
            "integrity": "sha1-JA3CHLOJQ5WIxhxGDrAHZJfvxBw=",
            "requires": {
                "math-codegen": "^0.3.5"
            }
        },
        "clamp": {
            "version": "1.0.1",
            "resolved": "https://registry.npmjs.org/clamp/-/clamp-1.0.1.tgz",
            "integrity": "sha1-ZqDmQBGBbjcZaCj9yMjBRzEshjQ="
        },
        "double-bits": {
            "version": "1.1.1",
            "resolved": "https://registry.npmjs.org/double-bits/-/double-bits-1.1.1.tgz",
            "integrity": "sha1-WKu6RUlNpND6Nrc60RoobJGEscY="
        },
        "extend": {
            "version": "3.0.2",
            "resolved": "https://registry.npmjs.org/extend/-/extend-3.0.2.tgz",
            "integrity": "sha512-fjquC59cD7CyW6urNXK0FBufkZcoiGG80wTuPujX590cB5Ttln20E2UB4S/WARVqhXffZl2LNgS+gQdPIIim/g=="
        },
        "function-plot": {
            "version": "1.19.1",
            "resolved": "https://registry.npmjs.org/function-plot/-/function-plot-1.19.1.tgz",
            "integrity": "sha512-slRZ1sk1UuEU3Df2gUm+/hFlOFDQrFfVbhWpGjvqcwT7SICptBSkg5u4MpBnyE/ardY3EiBW/Bs6TCo39sly1Q==",
            "requires": {
                "built-in-math-eval": "^0.3.0",
                "clamp": "^1.0.1",
                "extend": "^3.0.0",
                "integrate-adaptive-simpson": "^1.0.3",
                "interval-arithmetic-eval": "^0.4.6",
                "is-object": "^1.0.1",
                "key-pressed": "0.0.1",
                "keydown": "0.0.3",
                "linspace": "1.0.0",
                "log10": "^1.0.0",
                "logspace": "1.0.1"
            }
        },
        "integrate-adaptive-simpson": {
            "version": "1.1.1",
            "resolved": "https://registry.npmjs.org/integrate-adaptive-simpson/-/integrate-adaptive-simpson-1.1.1.tgz",
            "integrity": "sha1-gWHL77UOQw0U/RVIlXUJK6sdLGk="
        },
        "interval-arithmetic": {
            "version": "0.6.10",
            "resolved": "https://registry.npmjs.org/interval-arithmetic/-/interval-arithmetic-0.6.10.tgz",
            "integrity": "sha512-fnwnv0KgRuhHNoTGga5vPHypW0iypRpRPpejsevskM03uX4/A7Ph1C9IdDMHRyQwppchBNDxmcBWxiHrIc1ktA==",
            "requires": {
                "is-safe-integer": "^1.0.1",
                "nextafter": "^1.0.0",
                "typedarray": "0.0.6",
                "xtend": "^4.0.1"
            }
        },
        "interval-arithmetic-eval": {
            "version": "0.4.6",
            "resolved": "https://registry.npmjs.org/interval-arithmetic-eval/-/interval-arithmetic-eval-0.4.6.tgz",
            "integrity": "sha1-fhRkA8PIHLE4v9pnyQKMc+vtyPk=",
            "requires": {
                "interval-arithmetic": "^0.6.6",
                "math-codegen": "^0.3.5"
            }
        },
        "is-finite": {
            "version": "1.1.0",
            "resolved": "https://registry.npmjs.org/is-finite/-/is-finite-1.1.0.tgz",
            "integrity": "sha512-cdyMtqX/BOqqNBBiKlIVkytNHm49MtMlYyn1zxzvJKWmFMlGzm+ry5BBfYyeY9YmNKbRSo/o7OX9w9ale0wg3w=="
        },
        "is-object": {
            "version": "1.0.1",
            "resolved": "https://registry.npmjs.org/is-object/-/is-object-1.0.1.tgz",
            "integrity": "sha1-iVJojF7C/9awPsyF52ngKQMINHA="
        },
        "is-safe-integer": {
            "version": "1.0.2",
            "resolved": "https://registry.npmjs.org/is-safe-integer/-/is-safe-integer-1.0.2.tgz",
            "integrity": "sha1-yi3gJR9WRAj512MMKOLgLOGOoKo=",
            "requires": {
                "max-safe-integer": "^1.0.0"
            }
        },
        "key-pressed": {
            "version": "0.0.1",
            "resolved": "https://registry.npmjs.org/key-pressed/-/key-pressed-0.0.1.tgz",
            "integrity": "sha1-1oL7THwQQpKaW8iGNnKMpxIg3rs=",
            "requires": {
                "vkey": "0.0.3"
            }
        },
        "keydown": {
            "version": "0.0.3",
            "resolved": "https://registry.npmjs.org/keydown/-/keydown-0.0.3.tgz",
            "integrity": "sha1-4gaa0FEJjLOebbPL6Af7imggWAc=",
            "requires": {
                "vkey": "~0.0.3"
            }
        },
        "linspace": {
            "version": "1.0.0",
            "resolved": "https://registry.npmjs.org/linspace/-/linspace-1.0.0.tgz",
            "integrity": "sha1-N9ShIpRe0/ytQAnCofiCTAHCJs8=",
            "requires": {
                "lodash.range": "3.1.7"
            }
        },
        "lodash.range": {
            "version": "3.1.7",
            "resolved": "https://registry.npmjs.org/lodash.range/-/lodash.range-3.1.7.tgz",
            "integrity": "sha1-CueQAGngGNtEs/clW16488ridWI="
        },
        "log10": {
            "version": "1.0.1",
            "resolved": "https://registry.npmjs.org/log10/-/log10-1.0.1.tgz",
            "integrity": "sha1-sPxkZXxu+8mTSQ7aqn0w5qUgu+c=",
            "requires": {
                "is-finite": "^1.0.1"
            }
        },
        "logspace": {
            "version": "1.0.1",
            "resolved": "https://registry.npmjs.org/logspace/-/logspace-1.0.1.tgz",
            "integrity": "sha1-boPzOw7Z9oMYtfITBC0XSpRQm6U=",
            "requires": {
                "linspace": "1.0.0"
            }
        },
        "math-codegen": {
            "version": "0.3.5",
            "resolved": "https://registry.npmjs.org/math-codegen/-/math-codegen-0.3.5.tgz",
            "integrity": "sha1-R5nuRnfe0Ud2bQA8ykt4ee3UDMo=",
            "requires": {
                "extend": "^3.0.0",
                "mr-parser": "^0.2.1"
            }
        },
        "max-safe-integer": {
            "version": "1.0.1",
            "resolved": "https://registry.npmjs.org/max-safe-integer/-/max-safe-integer-1.0.1.tgz",
            "integrity": "sha1-84BgvixWPYwC5tSK85Ei/YO29BA="
        },
        "mr-parser": {
            "version": "0.2.1",
            "resolved": "https://registry.npmjs.org/mr-parser/-/mr-parser-0.2.1.tgz",
            "integrity": "sha1-hhi5ukF+KOn0OaQcaVtVTq/u2Sc="
        },
        "mustache": {
            "version": "2.3.0",
            "resolved": "https://registry.npmjs.org/mustache/-/mustache-2.3.0.tgz",
            "integrity": "sha1-QCj3d4sXcIpImTCm5SrDvKDaQdA="
        },
        "nextafter": {
            "version": "1.0.0",
            "resolved": "https://registry.npmjs.org/nextafter/-/nextafter-1.0.0.tgz",
            "integrity": "sha1-t9d7U1MQ4+CX5gJauwqQNHfsGjo=",
            "requires": {
                "double-bits": "^1.1.0"
            }
        },
        "node-red-contrib-curve": {
            "version": "1.0.1",
            "resolved": "https://registry.npmjs.org/node-red-contrib-curve/-/node-red-contrib-curve-1.0.1.tgz",
            "integrity": "sha1-zTfu4rmboqQch3T3QfO8gcIsrX0=",
            "requires": {
                "built-in-math-eval": "^0.3.0",
                "function-plot": "^1.17.3",
                "mustache": "2.3.0"
            }
        },
        "node-red-node-base64": {
            "version": "0.2.1",
            "resolved": "https://registry.npmjs.org/node-red-node-base64/-/node-red-node-base64-0.2.1.tgz",
            "integrity": "sha512-ZHQQANzs3OY8G2vXr+l7xmSFFdFL+ztMILL1FtvfdfHmDZqwu7hRWmt8vhC/2jm9NXl7q4WdJlwoYYaTUkelQg=="
        },
        "typedarray": {
            "version": "0.0.6",
            "resolved": "https://registry.npmjs.org/typedarray/-/typedarray-0.0.6.tgz",
            "integrity": "sha1-hnrHTjhkGHsdPUfZlqeOxciDB3c="
        },
        "vkey": {
            "version": "0.0.3",
            "resolved": "https://registry.npmjs.org/vkey/-/vkey-0.0.3.tgz",
            "integrity": "sha1-Y03XlS6ywRUxvxhZ8ObUGUeAM98="
        },
        "xtend": {
            "version": "4.0.2",
            "resolved": "https://registry.npmjs.org/xtend/-/xtend-4.0.2.tgz",
            "integrity": "sha512-LKYU1iAXJXUgAXn9URjiu+MWhyUXHsvfp7mcuYm9dSUKK0/CjtrUwFAxD82/mCWbtLsGjFIad0wIsod4zrTAEQ=="
        }
    }
}
