{
    "name": "node-red-project",
    "version": "0.0.1",
    "lockfileVersion": 1,
    "requires": true,
    "dependencies": {
        "node-red-node-base64": {
            "version": "0.2.1",
            "resolved": "https://registry.npmjs.org/node-red-node-base64/-/node-red-node-base64-0.2.1.tgz",
            "integrity": "sha512-ZHQQANzs3OY8G2vXr+l7xmSFFdFL+ztMILL1FtvfdfHmDZqwu7hRWmt8vhC/2jm9NXl7q4WdJlwoYYaTUkelQg=="
        }
    }
}
